// !$*UTF8*$!
{
	archiveVersion = 1;
	classes = {
	};
	objectVersion = 55;
	objects = {

/* Begin PBXBuildFile section */
		1126943B27821C0D006CCA3E /* cities.json in Resources */ = {isa = PBXBuildFile; fileRef = 1126943A27821C0D006CCA3E /* cities.json */; };
		1126943E27821C5B006CCA3E /* CityLocalDataSource.swift in Sources */ = {isa = PBXBuildFile; fileRef = 1126943D27821C5B006CCA3E /* CityLocalDataSource.swift */; };
		1126944127821FCE006CCA3E /* WeatherCoreDataModel.xcdatamodeld in Sources */ = {isa = PBXBuildFile; fileRef = 1126943F27821FCE006CCA3E /* WeatherCoreDataModel.xcdatamodeld */; };
		1126944327821FEF006CCA3E /* PersistenceController.swift in Sources */ = {isa = PBXBuildFile; fileRef = 1126944227821FEF006CCA3E /* PersistenceController.swift */; };
		1126944527822161006CCA3E /* CityLocalModel.swift in Sources */ = {isa = PBXBuildFile; fileRef = 1126944427822161006CCA3E /* CityLocalModel.swift */; };
		11269447278256A4006CCA3E /* SearchCityView.swift in Sources */ = {isa = PBXBuildFile; fileRef = 11269446278256A4006CCA3E /* SearchCityView.swift */; };
		11269449278257BC006CCA3E /* SearchCityViewModel.swift in Sources */ = {isa = PBXBuildFile; fileRef = 11269448278257BC006CCA3E /* SearchCityViewModel.swift */; };
		1126944B2782589C006CCA3E /* GetSearchCitiesInteractor.swift in Sources */ = {isa = PBXBuildFile; fileRef = 1126944A2782589C006CCA3E /* GetSearchCitiesInteractor.swift */; };
		1126944D2783A10C006CCA3E /* countries.json in Resources */ = {isa = PBXBuildFile; fileRef = 1126944C2783A10C006CCA3E /* countries.json */; };
		112694512783A1F6006CCA3E /* CountryLocalDataSource.swift in Sources */ = {isa = PBXBuildFile; fileRef = 112694502783A1F6006CCA3E /* CountryLocalDataSource.swift */; };
		112694532783A249006CCA3E /* Country.swift in Sources */ = {isa = PBXBuildFile; fileRef = 112694522783A249006CCA3E /* Country.swift */; };
		11C5F40627738E430007C726 /* WeatherApp.swift in Sources */ = {isa = PBXBuildFile; fileRef = 11C5F40527738E430007C726 /* WeatherApp.swift */; };
		11C5F40827738E430007C726 /* ContentView.swift in Sources */ = {isa = PBXBuildFile; fileRef = 11C5F40727738E430007C726 /* ContentView.swift */; };
		11C5F40A27738E450007C726 /* Assets.xcassets in Resources */ = {isa = PBXBuildFile; fileRef = 11C5F40927738E450007C726 /* Assets.xcassets */; };
		11C5F40D27738E450007C726 /* Preview Assets.xcassets in Resources */ = {isa = PBXBuildFile; fileRef = 11C5F40C27738E450007C726 /* Preview Assets.xcassets */; };
		11C5F41727738E450007C726 /* WeatherTests.swift in Sources */ = {isa = PBXBuildFile; fileRef = 11C5F41627738E450007C726 /* WeatherTests.swift */; };
		11C5F42127738E450007C726 /* WeatherUITests.swift in Sources */ = {isa = PBXBuildFile; fileRef = 11C5F42027738E450007C726 /* WeatherUITests.swift */; };
		11C5F42327738E450007C726 /* WeatherUITestsLaunchTests.swift in Sources */ = {isa = PBXBuildFile; fileRef = 11C5F42227738E450007C726 /* WeatherUITestsLaunchTests.swift */; };
		11C5F43227738F000007C726 /* City.swift in Sources */ = {isa = PBXBuildFile; fileRef = 11C5F43027738F000007C726 /* City.swift */; };
		11C5F43327738F000007C726 /* Weather.swift in Sources */ = {isa = PBXBuildFile; fileRef = 11C5F43127738F000007C726 /* Weather.swift */; };
		11C5F43727738F160007C726 /* WeatherRemoteDataSource.swift in Sources */ = {isa = PBXBuildFile; fileRef = 11C5F43527738F160007C726 /* WeatherRemoteDataSource.swift */; };
		11C5F43827738F160007C726 /* CityRemoteDataSource.swift in Sources */ = {isa = PBXBuildFile; fileRef = 11C5F43627738F160007C726 /* CityRemoteDataSource.swift */; };
		11C5F43B27738F280007C726 /* RequestLocationInteractor.swift in Sources */ = {isa = PBXBuildFile; fileRef = 11C5F43A27738F280007C726 /* RequestLocationInteractor.swift */; };
		11C5F44227739DCB0007C726 /* GetCurrentLocationInteractor.swift in Sources */ = {isa = PBXBuildFile; fileRef = 11C5F44127739DCB0007C726 /* GetCurrentLocationInteractor.swift */; };
		11C5F44427739DF70007C726 /* Location.swift in Sources */ = {isa = PBXBuildFile; fileRef = 11C5F44327739DF70007C726 /* Location.swift */; };
		11C5F4472773A09D0007C726 /* LocationSingleton.swift in Sources */ = {isa = PBXBuildFile; fileRef = 11C5F4462773A09D0007C726 /* LocationSingleton.swift */; };
		11C5F4492773AC1E0007C726 /* LocationViewModel.swift in Sources */ = {isa = PBXBuildFile; fileRef = 11C5F4482773AC1E0007C726 /* LocationViewModel.swift */; };
		11C5F44B2773B6FE0007C726 /* GetCurrentCityInteractor.swift in Sources */ = {isa = PBXBuildFile; fileRef = 11C5F44A2773B6FE0007C726 /* GetCurrentCityInteractor.swift */; };
		11C5F44D2773BF9F0007C726 /* GetCurrentWeatherInteractor.swift in Sources */ = {isa = PBXBuildFile; fileRef = 11C5F44C2773BF9F0007C726 /* GetCurrentWeatherInteractor.swift */; };
		11C5F44F2773C1490007C726 /* WeatherViewModel.swift in Sources */ = {isa = PBXBuildFile; fileRef = 11C5F44E2773C1490007C726 /* WeatherViewModel.swift */; };
		11C5F45127740A7B0007C726 /* Temperature.swift in Sources */ = {isa = PBXBuildFile; fileRef = 11C5F45027740A7B0007C726 /* Temperature.swift */; };
		11C5F45327740BC60007C726 /* TemperatureReport.swift in Sources */ = {isa = PBXBuildFile; fileRef = 11C5F45227740BC60007C726 /* TemperatureReport.swift */; };
		11C5F456277414D50007C726 /* WeatherResponse.swift in Sources */ = {isa = PBXBuildFile; fileRef = 11C5F455277414D50007C726 /* WeatherResponse.swift */; };
		11C5F45927741CD20007C726 /* WeatherRemoteMapper.swift in Sources */ = {isa = PBXBuildFile; fileRef = 11C5F45827741CD20007C726 /* WeatherRemoteMapper.swift */; };
		11CBB7FC2774D8D600B2F3ED /* LocationWeatherCardView.swift in Sources */ = {isa = PBXBuildFile; fileRef = 11CBB7FB2774D8D600B2F3ED /* LocationWeatherCardView.swift */; };
		11CBB8002774DE4100B2F3ED /* jsonResponse.json in Resources */ = {isa = PBXBuildFile; fileRef = 11CBB7FF2774DE4100B2F3ED /* jsonResponse.json */; };
		11CBB8022774DF9D00B2F3ED /* PreviewWeatherReport.swift in Sources */ = {isa = PBXBuildFile; fileRef = 11CBB8012774DF9D00B2F3ED /* PreviewWeatherReport.swift */; };
/* End PBXBuildFile section */

/* Begin PBXContainerItemProxy section */
		11C5F41327738E450007C726 /* PBXContainerItemProxy */ = {
			isa = PBXContainerItemProxy;
			containerPortal = 11C5F3FA27738E430007C726 /* Project object */;
			proxyType = 1;
			remoteGlobalIDString = 11C5F40127738E430007C726;
			remoteInfo = Weather;
		};
		11C5F41D27738E450007C726 /* PBXContainerItemProxy */ = {
			isa = PBXContainerItemProxy;
			containerPortal = 11C5F3FA27738E430007C726 /* Project object */;
			proxyType = 1;
			remoteGlobalIDString = 11C5F40127738E430007C726;
			remoteInfo = Weather;
		};
/* End PBXContainerItemProxy section */

/* Begin PBXFileReference section */
		1126943A27821C0D006CCA3E /* cities.json */ = {isa = PBXFileReference; lastKnownFileType = text.json; path = cities.json; sourceTree = "<group>"; };
		1126943D27821C5B006CCA3E /* CityLocalDataSource.swift */ = {isa = PBXFileReference; lastKnownFileType = sourcecode.swift; path = CityLocalDataSource.swift; sourceTree = "<group>"; };
		1126944027821FCE006CCA3E /* WeatherCoreDataModel.xcdatamodel */ = {isa = PBXFileReference; lastKnownFileType = wrapper.xcdatamodel; path = WeatherCoreDataModel.xcdatamodel; sourceTree = "<group>"; };
		1126944227821FEF006CCA3E /* PersistenceController.swift */ = {isa = PBXFileReference; lastKnownFileType = sourcecode.swift; path = PersistenceController.swift; sourceTree = "<group>"; };
		1126944427822161006CCA3E /* CityLocalModel.swift */ = {isa = PBXFileReference; lastKnownFileType = sourcecode.swift; path = CityLocalModel.swift; sourceTree = "<group>"; };
		11269446278256A4006CCA3E /* SearchCityView.swift */ = {isa = PBXFileReference; lastKnownFileType = sourcecode.swift; path = SearchCityView.swift; sourceTree = "<group>"; };
		11269448278257BC006CCA3E /* SearchCityViewModel.swift */ = {isa = PBXFileReference; lastKnownFileType = sourcecode.swift; path = SearchCityViewModel.swift; sourceTree = "<group>"; };
		1126944A2782589C006CCA3E /* GetSearchCitiesInteractor.swift */ = {isa = PBXFileReference; lastKnownFileType = sourcecode.swift; path = GetSearchCitiesInteractor.swift; sourceTree = "<group>"; };
		1126944C2783A10C006CCA3E /* countries.json */ = {isa = PBXFileReference; lastKnownFileType = text.json; path = countries.json; sourceTree = "<group>"; };
		112694502783A1F6006CCA3E /* CountryLocalDataSource.swift */ = {isa = PBXFileReference; lastKnownFileType = sourcecode.swift; path = CountryLocalDataSource.swift; sourceTree = "<group>"; };
		112694522783A249006CCA3E /* Country.swift */ = {isa = PBXFileReference; lastKnownFileType = sourcecode.swift; path = Country.swift; sourceTree = "<group>"; };
		11C5F40227738E430007C726 /* Weather.app */ = {isa = PBXFileReference; explicitFileType = wrapper.application; includeInIndex = 0; path = Weather.app; sourceTree = BUILT_PRODUCTS_DIR; };
		11C5F40527738E430007C726 /* WeatherApp.swift */ = {isa = PBXFileReference; lastKnownFileType = sourcecode.swift; path = WeatherApp.swift; sourceTree = "<group>"; };
		11C5F40727738E430007C726 /* ContentView.swift */ = {isa = PBXFileReference; lastKnownFileType = sourcecode.swift; path = ContentView.swift; sourceTree = "<group>"; };
		11C5F40927738E450007C726 /* Assets.xcassets */ = {isa = PBXFileReference; lastKnownFileType = folder.assetcatalog; path = Assets.xcassets; sourceTree = "<group>"; };
		11C5F40C27738E450007C726 /* Preview Assets.xcassets */ = {isa = PBXFileReference; lastKnownFileType = folder.assetcatalog; path = "Preview Assets.xcassets"; sourceTree = "<group>"; };
		11C5F41227738E450007C726 /* WeatherTests.xctest */ = {isa = PBXFileReference; explicitFileType = wrapper.cfbundle; includeInIndex = 0; path = WeatherTests.xctest; sourceTree = BUILT_PRODUCTS_DIR; };
		11C5F41627738E450007C726 /* WeatherTests.swift */ = {isa = PBXFileReference; lastKnownFileType = sourcecode.swift; path = WeatherTests.swift; sourceTree = "<group>"; };
		11C5F41C27738E450007C726 /* WeatherUITests.xctest */ = {isa = PBXFileReference; explicitFileType = wrapper.cfbundle; includeInIndex = 0; path = WeatherUITests.xctest; sourceTree = BUILT_PRODUCTS_DIR; };
		11C5F42027738E450007C726 /* WeatherUITests.swift */ = {isa = PBXFileReference; lastKnownFileType = sourcecode.swift; path = WeatherUITests.swift; sourceTree = "<group>"; };
		11C5F42227738E450007C726 /* WeatherUITestsLaunchTests.swift */ = {isa = PBXFileReference; lastKnownFileType = sourcecode.swift; path = WeatherUITestsLaunchTests.swift; sourceTree = "<group>"; };
		11C5F43027738F000007C726 /* City.swift */ = {isa = PBXFileReference; fileEncoding = 4; lastKnownFileType = sourcecode.swift; path = City.swift; sourceTree = "<group>"; };
		11C5F43127738F000007C726 /* Weather.swift */ = {isa = PBXFileReference; fileEncoding = 4; lastKnownFileType = sourcecode.swift; path = Weather.swift; sourceTree = "<group>"; };
		11C5F43527738F160007C726 /* WeatherRemoteDataSource.swift */ = {isa = PBXFileReference; fileEncoding = 4; lastKnownFileType = sourcecode.swift; path = WeatherRemoteDataSource.swift; sourceTree = "<group>"; };
		11C5F43627738F160007C726 /* CityRemoteDataSource.swift */ = {isa = PBXFileReference; fileEncoding = 4; lastKnownFileType = sourcecode.swift; path = CityRemoteDataSource.swift; sourceTree = "<group>"; };
		11C5F43A27738F280007C726 /* RequestLocationInteractor.swift */ = {isa = PBXFileReference; fileEncoding = 4; lastKnownFileType = sourcecode.swift; path = RequestLocationInteractor.swift; sourceTree = "<group>"; };
		11C5F44127739DCB0007C726 /* GetCurrentLocationInteractor.swift */ = {isa = PBXFileReference; lastKnownFileType = sourcecode.swift; path = GetCurrentLocationInteractor.swift; sourceTree = "<group>"; };
		11C5F44327739DF70007C726 /* Location.swift */ = {isa = PBXFileReference; lastKnownFileType = sourcecode.swift; path = Location.swift; sourceTree = "<group>"; };
		11C5F4462773A09D0007C726 /* LocationSingleton.swift */ = {isa = PBXFileReference; lastKnownFileType = sourcecode.swift; path = LocationSingleton.swift; sourceTree = "<group>"; };
		11C5F4482773AC1E0007C726 /* LocationViewModel.swift */ = {isa = PBXFileReference; lastKnownFileType = sourcecode.swift; path = LocationViewModel.swift; sourceTree = "<group>"; };
		11C5F44A2773B6FE0007C726 /* GetCurrentCityInteractor.swift */ = {isa = PBXFileReference; lastKnownFileType = sourcecode.swift; path = GetCurrentCityInteractor.swift; sourceTree = "<group>"; };
		11C5F44C2773BF9F0007C726 /* GetCurrentWeatherInteractor.swift */ = {isa = PBXFileReference; lastKnownFileType = sourcecode.swift; path = GetCurrentWeatherInteractor.swift; sourceTree = "<group>"; };
		11C5F44E2773C1490007C726 /* WeatherViewModel.swift */ = {isa = PBXFileReference; lastKnownFileType = sourcecode.swift; path = WeatherViewModel.swift; sourceTree = "<group>"; };
		11C5F45027740A7B0007C726 /* Temperature.swift */ = {isa = PBXFileReference; lastKnownFileType = sourcecode.swift; path = Temperature.swift; sourceTree = "<group>"; };
		11C5F45227740BC60007C726 /* TemperatureReport.swift */ = {isa = PBXFileReference; lastKnownFileType = sourcecode.swift; path = TemperatureReport.swift; sourceTree = "<group>"; };
		11C5F455277414D50007C726 /* WeatherResponse.swift */ = {isa = PBXFileReference; lastKnownFileType = sourcecode.swift; path = WeatherResponse.swift; sourceTree = "<group>"; };
		11C5F45827741CD20007C726 /* WeatherRemoteMapper.swift */ = {isa = PBXFileReference; lastKnownFileType = sourcecode.swift; path = WeatherRemoteMapper.swift; sourceTree = "<group>"; };
		11CBB7FB2774D8D600B2F3ED /* LocationWeatherCardView.swift */ = {isa = PBXFileReference; lastKnownFileType = sourcecode.swift; path = LocationWeatherCardView.swift; sourceTree = "<group>"; };
		11CBB7FF2774DE4100B2F3ED /* jsonResponse.json */ = {isa = PBXFileReference; lastKnownFileType = text.json; path = jsonResponse.json; sourceTree = "<group>"; };
		11CBB8012774DF9D00B2F3ED /* PreviewWeatherReport.swift */ = {isa = PBXFileReference; lastKnownFileType = sourcecode.swift; path = PreviewWeatherReport.swift; sourceTree = "<group>"; };
/* End PBXFileReference section */

/* Begin PBXFrameworksBuildPhase section */
		11C5F3FF27738E430007C726 /* Frameworks */ = {
			isa = PBXFrameworksBuildPhase;
			buildActionMask = 2147483647;
			files = (
			);
			runOnlyForDeploymentPostprocessing = 0;
		};
		11C5F40F27738E450007C726 /* Frameworks */ = {
			isa = PBXFrameworksBuildPhase;
			buildActionMask = 2147483647;
			files = (
			);
			runOnlyForDeploymentPostprocessing = 0;
		};
		11C5F41927738E450007C726 /* Frameworks */ = {
			isa = PBXFrameworksBuildPhase;
			buildActionMask = 2147483647;
			files = (
			);
			runOnlyForDeploymentPostprocessing = 0;
		};
/* End PBXFrameworksBuildPhase section */

/* Begin PBXGroup section */
		1126943C27821C41006CCA3E /* LocalDataSource */ = {
			isa = PBXGroup;
			children = (
				1126943D27821C5B006CCA3E /* CityLocalDataSource.swift */,
				1126944427822161006CCA3E /* CityLocalModel.swift */,
				112694502783A1F6006CCA3E /* CountryLocalDataSource.swift */,
			);
			path = LocalDataSource;
			sourceTree = "<group>";
		};
		11C5F3F927738E430007C726 = {
			isa = PBXGroup;
			children = (
				11C5F40427738E430007C726 /* Weather */,
				11C5F41527738E450007C726 /* WeatherTests */,
				11C5F41F27738E450007C726 /* WeatherUITests */,
				11C5F40327738E430007C726 /* Products */,
			);
			sourceTree = "<group>";
		};
		11C5F40327738E430007C726 /* Products */ = {
			isa = PBXGroup;
			children = (
				11C5F40227738E430007C726 /* Weather.app */,
				11C5F41227738E450007C726 /* WeatherTests.xctest */,
				11C5F41C27738E450007C726 /* WeatherUITests.xctest */,
			);
			name = Products;
			sourceTree = "<group>";
		};
		11C5F40427738E430007C726 /* Weather */ = {
			isa = PBXGroup;
			children = (
				1126943C27821C41006CCA3E /* LocalDataSource */,
				11CBB7FA2774D8BB00B2F3ED /* View */,
				11C5F4452773A0290007C726 /* ViewModel */,
				11C5F43927738F1C0007C726 /* Interactors */,
				11C5F43427738F050007C726 /* RemoteDataSource */,
				11C5F42F27738EE90007C726 /* Model */,
				11C5F40527738E430007C726 /* WeatherApp.swift */,
				11C5F40727738E430007C726 /* ContentView.swift */,
				11C5F40927738E450007C726 /* Assets.xcassets */,
				11C5F40B27738E450007C726 /* Preview Content */,
				1126943A27821C0D006CCA3E /* cities.json */,
				1126943F27821FCE006CCA3E /* WeatherCoreDataModel.xcdatamodeld */,
				1126944C2783A10C006CCA3E /* countries.json */,
			);
			path = Weather;
			sourceTree = "<group>";
		};
		11C5F40B27738E450007C726 /* Preview Content */ = {
			isa = PBXGroup;
			children = (
				11C5F40C27738E450007C726 /* Preview Assets.xcassets */,
				11CBB7FF2774DE4100B2F3ED /* jsonResponse.json */,
				11CBB8012774DF9D00B2F3ED /* PreviewWeatherReport.swift */,
			);
			path = "Preview Content";
			sourceTree = "<group>";
		};
		11C5F41527738E450007C726 /* WeatherTests */ = {
			isa = PBXGroup;
			children = (
				11C5F41627738E450007C726 /* WeatherTests.swift */,
			);
			path = WeatherTests;
			sourceTree = "<group>";
		};
		11C5F41F27738E450007C726 /* WeatherUITests */ = {
			isa = PBXGroup;
			children = (
				11C5F42027738E450007C726 /* WeatherUITests.swift */,
				11C5F42227738E450007C726 /* WeatherUITestsLaunchTests.swift */,
			);
			path = WeatherUITests;
			sourceTree = "<group>";
		};
		11C5F42F27738EE90007C726 /* Model */ = {
			isa = PBXGroup;
			children = (
				11C5F43027738F000007C726 /* City.swift */,
				11C5F43127738F000007C726 /* Weather.swift */,
				11C5F44327739DF70007C726 /* Location.swift */,
				11C5F45027740A7B0007C726 /* Temperature.swift */,
				11C5F45227740BC60007C726 /* TemperatureReport.swift */,
				112694522783A249006CCA3E /* Country.swift */,
			);
			path = Model;
			sourceTree = "<group>";
		};
		11C5F43427738F050007C726 /* RemoteDataSource */ = {
			isa = PBXGroup;
			children = (
				11C5F45727741CA30007C726 /* Mapper */,
				11C5F454277414B90007C726 /* RemoteEntity */,
				11C5F43627738F160007C726 /* CityRemoteDataSource.swift */,
				11C5F43527738F160007C726 /* WeatherRemoteDataSource.swift */,
			);
			path = RemoteDataSource;
			sourceTree = "<group>";
		};
		11C5F43927738F1C0007C726 /* Interactors */ = {
			isa = PBXGroup;
			children = (
				11C5F43A27738F280007C726 /* RequestLocationInteractor.swift */,
				11C5F44127739DCB0007C726 /* GetCurrentLocationInteractor.swift */,
				11C5F44A2773B6FE0007C726 /* GetCurrentCityInteractor.swift */,
				11C5F44C2773BF9F0007C726 /* GetCurrentWeatherInteractor.swift */,
				1126944A2782589C006CCA3E /* GetSearchCitiesInteractor.swift */,
			);
			path = Interactors;
			sourceTree = "<group>";
		};
		11C5F4452773A0290007C726 /* ViewModel */ = {
			isa = PBXGroup;
			children = (
				11C5F4462773A09D0007C726 /* LocationSingleton.swift */,
				11C5F4482773AC1E0007C726 /* LocationViewModel.swift */,
				11C5F44E2773C1490007C726 /* WeatherViewModel.swift */,
				1126944227821FEF006CCA3E /* PersistenceController.swift */,
				11269448278257BC006CCA3E /* SearchCityViewModel.swift */,
			);
			path = ViewModel;
			sourceTree = "<group>";
		};
		11C5F454277414B90007C726 /* RemoteEntity */ = {
			isa = PBXGroup;
			children = (
				11C5F455277414D50007C726 /* WeatherResponse.swift */,
			);
			path = RemoteEntity;
			sourceTree = "<group>";
		};
		11C5F45727741CA30007C726 /* Mapper */ = {
			isa = PBXGroup;
			children = (
				11C5F45827741CD20007C726 /* WeatherRemoteMapper.swift */,
			);
			path = Mapper;
			sourceTree = "<group>";
		};
		11CBB7FA2774D8BB00B2F3ED /* View */ = {
			isa = PBXGroup;
			children = (
				11CBB7FB2774D8D600B2F3ED /* LocationWeatherCardView.swift */,
				11269446278256A4006CCA3E /* SearchCityView.swift */,
			);
			path = View;
			sourceTree = "<group>";
		};
/* End PBXGroup section */

/* Begin PBXNativeTarget section */
		11C5F40127738E430007C726 /* Weather */ = {
			isa = PBXNativeTarget;
			buildConfigurationList = 11C5F42627738E450007C726 /* Build configuration list for PBXNativeTarget "Weather" */;
			buildPhases = (
				11C5F3FE27738E430007C726 /* Sources */,
				11C5F3FF27738E430007C726 /* Frameworks */,
				11C5F40027738E430007C726 /* Resources */,
			);
			buildRules = (
			);
			dependencies = (
			);
			name = Weather;
			productName = Weather;
			productReference = 11C5F40227738E430007C726 /* Weather.app */;
			productType = "com.apple.product-type.application";
		};
		11C5F41127738E450007C726 /* WeatherTests */ = {
			isa = PBXNativeTarget;
			buildConfigurationList = 11C5F42927738E450007C726 /* Build configuration list for PBXNativeTarget "WeatherTests" */;
			buildPhases = (
				11C5F40E27738E450007C726 /* Sources */,
				11C5F40F27738E450007C726 /* Frameworks */,
				11C5F41027738E450007C726 /* Resources */,
			);
			buildRules = (
			);
			dependencies = (
				11C5F41427738E450007C726 /* PBXTargetDependency */,
			);
			name = WeatherTests;
			productName = WeatherTests;
			productReference = 11C5F41227738E450007C726 /* WeatherTests.xctest */;
			productType = "com.apple.product-type.bundle.unit-test";
		};
		11C5F41B27738E450007C726 /* WeatherUITests */ = {
			isa = PBXNativeTarget;
			buildConfigurationList = 11C5F42C27738E450007C726 /* Build configuration list for PBXNativeTarget "WeatherUITests" */;
			buildPhases = (
				11C5F41827738E450007C726 /* Sources */,
				11C5F41927738E450007C726 /* Frameworks */,
				11C5F41A27738E450007C726 /* Resources */,
			);
			buildRules = (
			);
			dependencies = (
				11C5F41E27738E450007C726 /* PBXTargetDependency */,
			);
			name = WeatherUITests;
			productName = WeatherUITests;
			productReference = 11C5F41C27738E450007C726 /* WeatherUITests.xctest */;
			productType = "com.apple.product-type.bundle.ui-testing";
		};
/* End PBXNativeTarget section */

/* Begin PBXProject section */
		11C5F3FA27738E430007C726 /* Project object */ = {
			isa = PBXProject;
			attributes = {
				BuildIndependentTargetsInParallel = 1;
				LastSwiftUpdateCheck = 1320;
				LastUpgradeCheck = 1320;
				TargetAttributes = {
					11C5F40127738E430007C726 = {
						CreatedOnToolsVersion = 13.2.1;
					};
					11C5F41127738E450007C726 = {
						CreatedOnToolsVersion = 13.2.1;
						TestTargetID = 11C5F40127738E430007C726;
					};
					11C5F41B27738E450007C726 = {
						CreatedOnToolsVersion = 13.2.1;
						TestTargetID = 11C5F40127738E430007C726;
					};
				};
			};
			buildConfigurationList = 11C5F3FD27738E430007C726 /* Build configuration list for PBXProject "Weather" */;
			compatibilityVersion = "Xcode 13.0";
			developmentRegion = en;
			hasScannedForEncodings = 0;
			knownRegions = (
				en,
				Base,
			);
			mainGroup = 11C5F3F927738E430007C726;
			productRefGroup = 11C5F40327738E430007C726 /* Products */;
			projectDirPath = "";
			projectRoot = "";
			targets = (
				11C5F40127738E430007C726 /* Weather */,
				11C5F41127738E450007C726 /* WeatherTests */,
				11C5F41B27738E450007C726 /* WeatherUITests */,
			);
		};
/* End PBXProject section */

/* Begin PBXResourcesBuildPhase section */
		11C5F40027738E430007C726 /* Resources */ = {
			isa = PBXResourcesBuildPhase;
			buildActionMask = 2147483647;
			files = (
				1126943B27821C0D006CCA3E /* cities.json in Resources */,
				11CBB8002774DE4100B2F3ED /* jsonResponse.json in Resources */,
				11C5F40D27738E450007C726 /* Preview Assets.xcassets in Resources */,
				1126944D2783A10C006CCA3E /* countries.json in Resources */,
				11C5F40A27738E450007C726 /* Assets.xcassets in Resources */,
			);
			runOnlyForDeploymentPostprocessing = 0;
		};
		11C5F41027738E450007C726 /* Resources */ = {
			isa = PBXResourcesBuildPhase;
			buildActionMask = 2147483647;
			files = (
			);
			runOnlyForDeploymentPostprocessing = 0;
		};
		11C5F41A27738E450007C726 /* Resources */ = {
			isa = PBXResourcesBuildPhase;
			buildActionMask = 2147483647;
			files = (
			);
			runOnlyForDeploymentPostprocessing = 0;
		};
/* End PBXResourcesBuildPhase section */

/* Begin PBXSourcesBuildPhase section */
		11C5F3FE27738E430007C726 /* Sources */ = {
			isa = PBXSourcesBuildPhase;
			buildActionMask = 2147483647;
			files = (
				11C5F43327738F000007C726 /* Weather.swift in Sources */,
				1126944327821FEF006CCA3E /* PersistenceController.swift in Sources */,
				1126943E27821C5B006CCA3E /* CityLocalDataSource.swift in Sources */,
				11C5F43827738F160007C726 /* CityRemoteDataSource.swift in Sources */,
				1126944127821FCE006CCA3E /* WeatherCoreDataModel.xcdatamodeld in Sources */,
				11C5F44427739DF70007C726 /* Location.swift in Sources */,
				11C5F44F2773C1490007C726 /* WeatherViewModel.swift in Sources */,
				11C5F40827738E430007C726 /* ContentView.swift in Sources */,
				112694512783A1F6006CCA3E /* CountryLocalDataSource.swift in Sources */,
				11C5F40627738E430007C726 /* WeatherApp.swift in Sources */,
				11CBB7FC2774D8D600B2F3ED /* LocationWeatherCardView.swift in Sources */,
				11C5F4492773AC1E0007C726 /* LocationViewModel.swift in Sources */,
				11C5F4472773A09D0007C726 /* LocationSingleton.swift in Sources */,
				11C5F456277414D50007C726 /* WeatherResponse.swift in Sources */,
				11269449278257BC006CCA3E /* SearchCityViewModel.swift in Sources */,
				11C5F45127740A7B0007C726 /* Temperature.swift in Sources */,
				11CBB8022774DF9D00B2F3ED /* PreviewWeatherReport.swift in Sources */,
				11C5F43727738F160007C726 /* WeatherRemoteDataSource.swift in Sources */,
				11C5F45927741CD20007C726 /* WeatherRemoteMapper.swift in Sources */,
				11C5F44B2773B6FE0007C726 /* GetCurrentCityInteractor.swift in Sources */,
				11269447278256A4006CCA3E /* SearchCityView.swift in Sources */,
				11C5F44227739DCB0007C726 /* GetCurrentLocationInteractor.swift in Sources */,
				1126944B2782589C006CCA3E /* GetSearchCitiesInteractor.swift in Sources */,
				11C5F45327740BC60007C726 /* TemperatureReport.swift in Sources */,
				1126944527822161006CCA3E /* CityLocalModel.swift in Sources */,
				11C5F43B27738F280007C726 /* RequestLocationInteractor.swift in Sources */,
				11C5F43227738F000007C726 /* City.swift in Sources */,
				112694532783A249006CCA3E /* Country.swift in Sources */,
				11C5F44D2773BF9F0007C726 /* GetCurrentWeatherInteractor.swift in Sources */,
			);
			runOnlyForDeploymentPostprocessing = 0;
		};
		11C5F40E27738E450007C726 /* Sources */ = {
			isa = PBXSourcesBuildPhase;
			buildActionMask = 2147483647;
			files = (
				11C5F41727738E450007C726 /* WeatherTests.swift in Sources */,
			);
			runOnlyForDeploymentPostprocessing = 0;
		};
		11C5F41827738E450007C726 /* Sources */ = {
			isa = PBXSourcesBuildPhase;
			buildActionMask = 2147483647;
			files = (
				11C5F42127738E450007C726 /* WeatherUITests.swift in Sources */,
				11C5F42327738E450007C726 /* WeatherUITestsLaunchTests.swift in Sources */,
			);
			runOnlyForDeploymentPostprocessing = 0;
		};
/* End PBXSourcesBuildPhase section */

/* Begin PBXTargetDependency section */
		11C5F41427738E450007C726 /* PBXTargetDependency */ = {
			isa = PBXTargetDependency;
			target = 11C5F40127738E430007C726 /* Weather */;
			targetProxy = 11C5F41327738E450007C726 /* PBXContainerItemProxy */;
		};
		11C5F41E27738E450007C726 /* PBXTargetDependency */ = {
			isa = PBXTargetDependency;
			target = 11C5F40127738E430007C726 /* Weather */;
			targetProxy = 11C5F41D27738E450007C726 /* PBXContainerItemProxy */;
		};
/* End PBXTargetDependency section */

/* Begin XCBuildConfiguration section */
		11C5F42427738E450007C726 /* Debug */ = {
			isa = XCBuildConfiguration;
			buildSettings = {
				ALWAYS_SEARCH_USER_PATHS = NO;
				CLANG_ANALYZER_NONNULL = YES;
				CLANG_ANALYZER_NUMBER_OBJECT_CONVERSION = YES_AGGRESSIVE;
				CLANG_CXX_LANGUAGE_STANDARD = "gnu++17";
				CLANG_CXX_LIBRARY = "libc++";
				CLANG_ENABLE_MODULES = YES;
				CLANG_ENABLE_OBJC_ARC = YES;
				CLANG_ENABLE_OBJC_WEAK = YES;
				CLANG_WARN_BLOCK_CAPTURE_AUTORELEASING = YES;
				CLANG_WARN_BOOL_CONVERSION = YES;
				CLANG_WARN_COMMA = YES;
				CLANG_WARN_CONSTANT_CONVERSION = YES;
				CLANG_WARN_DEPRECATED_OBJC_IMPLEMENTATIONS = YES;
				CLANG_WARN_DIRECT_OBJC_ISA_USAGE = YES_ERROR;
				CLANG_WARN_DOCUMENTATION_COMMENTS = YES;
				CLANG_WARN_EMPTY_BODY = YES;
				CLANG_WARN_ENUM_CONVERSION = YES;
				CLANG_WARN_INFINITE_RECURSION = YES;
				CLANG_WARN_INT_CONVERSION = YES;
				CLANG_WARN_NON_LITERAL_NULL_CONVERSION = YES;
				CLANG_WARN_OBJC_IMPLICIT_RETAIN_SELF = YES;
				CLANG_WARN_OBJC_LITERAL_CONVERSION = YES;
				CLANG_WARN_OBJC_ROOT_CLASS = YES_ERROR;
				CLANG_WARN_QUOTED_INCLUDE_IN_FRAMEWORK_HEADER = YES;
				CLANG_WARN_RANGE_LOOP_ANALYSIS = YES;
				CLANG_WARN_STRICT_PROTOTYPES = YES;
				CLANG_WARN_SUSPICIOUS_MOVE = YES;
				CLANG_WARN_UNGUARDED_AVAILABILITY = YES_AGGRESSIVE;
				CLANG_WARN_UNREACHABLE_CODE = YES;
				CLANG_WARN__DUPLICATE_METHOD_MATCH = YES;
				COPY_PHASE_STRIP = NO;
				DEBUG_INFORMATION_FORMAT = dwarf;
				ENABLE_STRICT_OBJC_MSGSEND = YES;
				ENABLE_TESTABILITY = YES;
				GCC_C_LANGUAGE_STANDARD = gnu11;
				GCC_DYNAMIC_NO_PIC = NO;
				GCC_NO_COMMON_BLOCKS = YES;
				GCC_OPTIMIZATION_LEVEL = 0;
				GCC_PREPROCESSOR_DEFINITIONS = (
					"DEBUG=1",
					"$(inherited)",
				);
				GCC_WARN_64_TO_32_BIT_CONVERSION = YES;
				GCC_WARN_ABOUT_RETURN_TYPE = YES_ERROR;
				GCC_WARN_UNDECLARED_SELECTOR = YES;
				GCC_WARN_UNINITIALIZED_AUTOS = YES_AGGRESSIVE;
				GCC_WARN_UNUSED_FUNCTION = YES;
				GCC_WARN_UNUSED_VARIABLE = YES;
				IPHONEOS_DEPLOYMENT_TARGET = 15.2;
				MTL_ENABLE_DEBUG_INFO = INCLUDE_SOURCE;
				MTL_FAST_MATH = YES;
				ONLY_ACTIVE_ARCH = YES;
				SDKROOT = iphoneos;
				SWIFT_ACTIVE_COMPILATION_CONDITIONS = DEBUG;
				SWIFT_OPTIMIZATION_LEVEL = "-Onone";
			};
			name = Debug;
		};
		11C5F42527738E450007C726 /* Release */ = {
			isa = XCBuildConfiguration;
			buildSettings = {
				ALWAYS_SEARCH_USER_PATHS = NO;
				CLANG_ANALYZER_NONNULL = YES;
				CLANG_ANALYZER_NUMBER_OBJECT_CONVERSION = YES_AGGRESSIVE;
				CLANG_CXX_LANGUAGE_STANDARD = "gnu++17";
				CLANG_CXX_LIBRARY = "libc++";
				CLANG_ENABLE_MODULES = YES;
				CLANG_ENABLE_OBJC_ARC = YES;
				CLANG_ENABLE_OBJC_WEAK = YES;
				CLANG_WARN_BLOCK_CAPTURE_AUTORELEASING = YES;
				CLANG_WARN_BOOL_CONVERSION = YES;
				CLANG_WARN_COMMA = YES;
				CLANG_WARN_CONSTANT_CONVERSION = YES;
				CLANG_WARN_DEPRECATED_OBJC_IMPLEMENTATIONS = YES;
				CLANG_WARN_DIRECT_OBJC_ISA_USAGE = YES_ERROR;
				CLANG_WARN_DOCUMENTATION_COMMENTS = YES;
				CLANG_WARN_EMPTY_BODY = YES;
				CLANG_WARN_ENUM_CONVERSION = YES;
				CLANG_WARN_INFINITE_RECURSION = YES;
				CLANG_WARN_INT_CONVERSION = YES;
				CLANG_WARN_NON_LITERAL_NULL_CONVERSION = YES;
				CLANG_WARN_OBJC_IMPLICIT_RETAIN_SELF = YES;
				CLANG_WARN_OBJC_LITERAL_CONVERSION = YES;
				CLANG_WARN_OBJC_ROOT_CLASS = YES_ERROR;
				CLANG_WARN_QUOTED_INCLUDE_IN_FRAMEWORK_HEADER = YES;
				CLANG_WARN_RANGE_LOOP_ANALYSIS = YES;
				CLANG_WARN_STRICT_PROTOTYPES = YES;
				CLANG_WARN_SUSPICIOUS_MOVE = YES;
				CLANG_WARN_UNGUARDED_AVAILABILITY = YES_AGGRESSIVE;
				CLANG_WARN_UNREACHABLE_CODE = YES;
				CLANG_WARN__DUPLICATE_METHOD_MATCH = YES;
				COPY_PHASE_STRIP = NO;
				DEBUG_INFORMATION_FORMAT = "dwarf-with-dsym";
				ENABLE_NS_ASSERTIONS = NO;
				ENABLE_STRICT_OBJC_MSGSEND = YES;
				GCC_C_LANGUAGE_STANDARD = gnu11;
				GCC_NO_COMMON_BLOCKS = YES;
				GCC_WARN_64_TO_32_BIT_CONVERSION = YES;
				GCC_WARN_ABOUT_RETURN_TYPE = YES_ERROR;
				GCC_WARN_UNDECLARED_SELECTOR = YES;
				GCC_WARN_UNINITIALIZED_AUTOS = YES_AGGRESSIVE;
				GCC_WARN_UNUSED_FUNCTION = YES;
				GCC_WARN_UNUSED_VARIABLE = YES;
				IPHONEOS_DEPLOYMENT_TARGET = 15.2;
				MTL_ENABLE_DEBUG_INFO = NO;
				MTL_FAST_MATH = YES;
				SDKROOT = iphoneos;
				SWIFT_COMPILATION_MODE = wholemodule;
				SWIFT_OPTIMIZATION_LEVEL = "-O";
				VALIDATE_PRODUCT = YES;
			};
			name = Release;
		};
		11C5F42727738E450007C726 /* Debug */ = {
			isa = XCBuildConfiguration;
			buildSettings = {
				ASSETCATALOG_COMPILER_APPICON_NAME = AppIcon;
				ASSETCATALOG_COMPILER_GLOBAL_ACCENT_COLOR_NAME = AccentColor;
				CODE_SIGN_STYLE = Automatic;
				CURRENT_PROJECT_VERSION = 1;
				DEVELOPMENT_ASSET_PATHS = "\"Weather/Preview Content\"";
				DEVELOPMENT_TEAM = 3JF6M2L57N;
				ENABLE_PREVIEWS = YES;
				GENERATE_INFOPLIST_FILE = YES;
				INFOPLIST_KEY_NSLocationAlwaysAndWhenInUseUsageDescription = "Please both";
				INFOPLIST_KEY_NSLocationAlwaysUsageDescription = "Please always allow";
				INFOPLIST_KEY_NSLocationWhenInUseUsageDescription = "Please when in usage";
				INFOPLIST_KEY_UIApplicationSceneManifest_Generation = YES;
				INFOPLIST_KEY_UIApplicationSupportsIndirectInputEvents = YES;
				INFOPLIST_KEY_UILaunchScreen_Generation = YES;
				INFOPLIST_KEY_UISupportedInterfaceOrientations_iPad = "UIInterfaceOrientationPortrait UIInterfaceOrientationPortraitUpsideDown UIInterfaceOrientationLandscapeLeft UIInterfaceOrientationLandscapeRight";
				INFOPLIST_KEY_UISupportedInterfaceOrientations_iPhone = "UIInterfaceOrientationPortrait UIInterfaceOrientationLandscapeLeft UIInterfaceOrientationLandscapeRight";
				LD_RUNPATH_SEARCH_PATHS = (
					"$(inherited)",
					"@executable_path/Frameworks",
				);
				MARKETING_VERSION = 1.0;
				PRODUCT_BUNDLE_IDENTIFIER = com.ching.weather.Weather;
				PRODUCT_NAME = "$(TARGET_NAME)";
				SWIFT_EMIT_LOC_STRINGS = YES;
				SWIFT_VERSION = 5.0;
				TARGETED_DEVICE_FAMILY = "1,2";
			};
			name = Debug;
		};
		11C5F42827738E450007C726 /* Release */ = {
			isa = XCBuildConfiguration;
			buildSettings = {
				ASSETCATALOG_COMPILER_APPICON_NAME = AppIcon;
				ASSETCATALOG_COMPILER_GLOBAL_ACCENT_COLOR_NAME = AccentColor;
				CODE_SIGN_STYLE = Automatic;
				CURRENT_PROJECT_VERSION = 1;
				DEVELOPMENT_ASSET_PATHS = "\"Weather/Preview Content\"";
				DEVELOPMENT_TEAM = 3JF6M2L57N;
				ENABLE_PREVIEWS = YES;
				GENERATE_INFOPLIST_FILE = YES;
				INFOPLIST_KEY_NSLocationAlwaysAndWhenInUseUsageDescription = "Please both";
				INFOPLIST_KEY_NSLocationAlwaysUsageDescription = "Please always allow";
				INFOPLIST_KEY_NSLocationWhenInUseUsageDescription = "Please when in usage";
				INFOPLIST_KEY_UIApplicationSceneManifest_Generation = YES;
				INFOPLIST_KEY_UIApplicationSupportsIndirectInputEvents = YES;
				INFOPLIST_KEY_UILaunchScreen_Generation = YES;
				INFOPLIST_KEY_UISupportedInterfaceOrientations_iPad = "UIInterfaceOrientationPortrait UIInterfaceOrientationPortraitUpsideDown UIInterfaceOrientationLandscapeLeft UIInterfaceOrientationLandscapeRight";
				INFOPLIST_KEY_UISupportedInterfaceOrientations_iPhone = "UIInterfaceOrientationPortrait UIInterfaceOrientationLandscapeLeft UIInterfaceOrientationLandscapeRight";
				LD_RUNPATH_SEARCH_PATHS = (
					"$(inherited)",
					"@executable_path/Frameworks",
				);
				MARKETING_VERSION = 1.0;
				PRODUCT_BUNDLE_IDENTIFIER = com.ching.weather.Weather;
				PRODUCT_NAME = "$(TARGET_NAME)";
				SWIFT_EMIT_LOC_STRINGS = YES;
				SWIFT_VERSION = 5.0;
				TARGETED_DEVICE_FAMILY = "1,2";
			};
			name = Release;
		};
		11C5F42A27738E450007C726 /* Debug */ = {
			isa = XCBuildConfiguration;
			buildSettings = {
				ALWAYS_EMBED_SWIFT_STANDARD_LIBRARIES = YES;
				BUNDLE_LOADER = "$(TEST_HOST)";
				CODE_SIGN_STYLE = Automatic;
				CURRENT_PROJECT_VERSION = 1;
				DEVELOPMENT_TEAM = 3JF6M2L57N;
				GENERATE_INFOPLIST_FILE = YES;
				IPHONEOS_DEPLOYMENT_TARGET = 15.2;
				MARKETING_VERSION = 1.0;
				PRODUCT_BUNDLE_IDENTIFIER = com.ching.weather.WeatherTests;
				PRODUCT_NAME = "$(TARGET_NAME)";
				SWIFT_EMIT_LOC_STRINGS = NO;
				SWIFT_VERSION = 5.0;
				TARGETED_DEVICE_FAMILY = "1,2";
				TEST_HOST = "$(BUILT_PRODUCTS_DIR)/Weather.app/Weather";
			};
			name = Debug;
		};
		11C5F42B27738E450007C726 /* Release */ = {
			isa = XCBuildConfiguration;
			buildSettings = {
				ALWAYS_EMBED_SWIFT_STANDARD_LIBRARIES = YES;
				BUNDLE_LOADER = "$(TEST_HOST)";
				CODE_SIGN_STYLE = Automatic;
				CURRENT_PROJECT_VERSION = 1;
				DEVELOPMENT_TEAM = 3JF6M2L57N;
				GENERATE_INFOPLIST_FILE = YES;
				IPHONEOS_DEPLOYMENT_TARGET = 15.2;
				MARKETING_VERSION = 1.0;
				PRODUCT_BUNDLE_IDENTIFIER = com.ching.weather.WeatherTests;
				PRODUCT_NAME = "$(TARGET_NAME)";
				SWIFT_EMIT_LOC_STRINGS = NO;
				SWIFT_VERSION = 5.0;
				TARGETED_DEVICE_FAMILY = "1,2";
				TEST_HOST = "$(BUILT_PRODUCTS_DIR)/Weather.app/Weather";
			};
			name = Release;
		};
		11C5F42D27738E450007C726 /* Debug */ = {
			isa = XCBuildConfiguration;
			buildSettings = {
				ALWAYS_EMBED_SWIFT_STANDARD_LIBRARIES = YES;
				CODE_SIGN_STYLE = Automatic;
				CURRENT_PROJECT_VERSION = 1;
				DEVELOPMENT_TEAM = 3JF6M2L57N;
				GENERATE_INFOPLIST_FILE = YES;
				MARKETING_VERSION = 1.0;
				PRODUCT_BUNDLE_IDENTIFIER = com.ching.weather.WeatherUITests;
				PRODUCT_NAME = "$(TARGET_NAME)";
				SWIFT_EMIT_LOC_STRINGS = NO;
				SWIFT_VERSION = 5.0;
				TARGETED_DEVICE_FAMILY = "1,2";
				TEST_TARGET_NAME = Weather;
			};
			name = Debug;
		};
		11C5F42E27738E450007C726 /* Release */ = {
			isa = XCBuildConfiguration;
			buildSettings = {
				ALWAYS_EMBED_SWIFT_STANDARD_LIBRARIES = YES;
				CODE_SIGN_STYLE = Automatic;
				CURRENT_PROJECT_VERSION = 1;
				DEVELOPMENT_TEAM = 3JF6M2L57N;
				GENERATE_INFOPLIST_FILE = YES;
				MARKETING_VERSION = 1.0;
				PRODUCT_BUNDLE_IDENTIFIER = com.ching.weather.WeatherUITests;
				PRODUCT_NAME = "$(TARGET_NAME)";
				SWIFT_EMIT_LOC_STRINGS = NO;
				SWIFT_VERSION = 5.0;
				TARGETED_DEVICE_FAMILY = "1,2";
				TEST_TARGET_NAME = Weather;
			};
			name = Release;
		};
/* End XCBuildConfiguration section */

/* Begin XCConfigurationList section */
		11C5F3FD27738E430007C726 /* Build configuration list for PBXProject "Weather" */ = {
			isa = XCConfigurationList;
			buildConfigurations = (
				11C5F42427738E450007C726 /* Debug */,
				11C5F42527738E450007C726 /* Release */,
			);
			defaultConfigurationIsVisible = 0;
			defaultConfigurationName = Release;
		};
		11C5F42627738E450007C726 /* Build configuration list for PBXNativeTarget "Weather" */ = {
			isa = XCConfigurationList;
			buildConfigurations = (
				11C5F42727738E450007C726 /* Debug */,
				11C5F42827738E450007C726 /* Release */,
			);
			defaultConfigurationIsVisible = 0;
			defaultConfigurationName = Release;
		};
		11C5F42927738E450007C726 /* Build configuration list for PBXNativeTarget "WeatherTests" */ = {
			isa = XCConfigurationList;
			buildConfigurations = (
				11C5F42A27738E450007C726 /* Debug */,
				11C5F42B27738E450007C726 /* Release */,
			);
			defaultConfigurationIsVisible = 0;
			defaultConfigurationName = Release;
		};
		11C5F42C27738E450007C726 /* Build configuration list for PBXNativeTarget "WeatherUITests" */ = {
			isa = XCConfigurationList;
			buildConfigurations = (
				11C5F42D27738E450007C726 /* Debug */,
				11C5F42E27738E450007C726 /* Release */,
			);
			defaultConfigurationIsVisible = 0;
			defaultConfigurationName = Release;
		};
/* End XCConfigurationList section */

/* Begin XCVersionGroup section */
		1126943F27821FCE006CCA3E /* WeatherCoreDataModel.xcdatamodeld */ = {
			isa = XCVersionGroup;
			children = (
				1126944027821FCE006CCA3E /* WeatherCoreDataModel.xcdatamodel */,
			);
			currentVersion = 1126944027821FCE006CCA3E /* WeatherCoreDataModel.xcdatamodel */;
			path = WeatherCoreDataModel.xcdatamodeld;
			sourceTree = "<group>";
			versionGroupType = wrapper.xcdatamodel;
		};
/* End XCVersionGroup section */
	};
	rootObject = 11C5F3FA27738E430007C726 /* Project object */;
}
